// !$*UTF8*$!
{
	archiveVersion = 1;
	classes = {
	};
	objectVersion = 50;
	objects = {

/* Begin PBXBuildFile section */
		04F216D02A67DE1700DB9DBD /* AppDelegate.swift in Sources */ = {isa = PBXBuildFile; fileRef = 04F216CF2A67DE1700DB9DBD /* AppDelegate.swift */; };
		04F216D22A67DE1700DB9DBD /* SceneDelegate.swift in Sources */ = {isa = PBXBuildFile; fileRef = 04F216D12A67DE1700DB9DBD /* SceneDelegate.swift */; };
		04F216D42A67DE1700DB9DBD /* ViewController.swift in Sources */ = {isa = PBXBuildFile; fileRef = 04F216D32A67DE1700DB9DBD /* ViewController.swift */; };
		04F216D72A67DE1700DB9DBD /* Main.storyboard in Resources */ = {isa = PBXBuildFile; fileRef = 04F216D52A67DE1700DB9DBD /* Main.storyboard */; };
		04F216D92A67DE1900DB9DBD /* Assets.xcassets in Resources */ = {isa = PBXBuildFile; fileRef = 04F216D82A67DE1900DB9DBD /* Assets.xcassets */; };
		04F216DC2A67DE1900DB9DBD /* LaunchScreen.storyboard in Resources */ = {isa = PBXBuildFile; fileRef = 04F216DA2A67DE1900DB9DBD /* LaunchScreen.storyboard */; };
		04F216EA2A67E13100DB9DBD /* LoginVC.swift in Sources */ = {isa = PBXBuildFile; fileRef = 04F216E92A67E13100DB9DBD /* LoginVC.swift */; };
/* End PBXBuildFile section */

/* Begin PBXFileReference section */
		04F216CC2A67DE1700DB9DBD /* 2Task.app */ = {isa = PBXFileReference; explicitFileType = wrapper.application; includeInIndex = 0; path = 2Task.app; sourceTree = BUILT_PRODUCTS_DIR; };
		04F216CF2A67DE1700DB9DBD /* AppDelegate.swift */ = {isa = PBXFileReference; lastKnownFileType = sourcecode.swift; path = AppDelegate.swift; sourceTree = "<group>"; };
		04F216D12A67DE1700DB9DBD /* SceneDelegate.swift */ = {isa = PBXFileReference; lastKnownFileType = sourcecode.swift; path = SceneDelegate.swift; sourceTree = "<group>"; };
		04F216D32A67DE1700DB9DBD /* ViewController.swift */ = {isa = PBXFileReference; lastKnownFileType = sourcecode.swift; path = ViewController.swift; sourceTree = "<group>"; };
		04F216D62A67DE1700DB9DBD /* Base */ = {isa = PBXFileReference; lastKnownFileType = file.storyboard; name = Base; path = Base.lproj/Main.storyboard; sourceTree = "<group>"; };
		04F216D82A67DE1900DB9DBD /* Assets.xcassets */ = {isa = PBXFileReference; lastKnownFileType = folder.assetcatalog; path = Assets.xcassets; sourceTree = "<group>"; };
		04F216DB2A67DE1900DB9DBD /* Base */ = {isa = PBXFileReference; lastKnownFileType = file.storyboard; name = Base; path = Base.lproj/LaunchScreen.storyboard; sourceTree = "<group>"; };
		04F216DD2A67DE1900DB9DBD /* Info.plist */ = {isa = PBXFileReference; lastKnownFileType = text.plist.xml; path = Info.plist; sourceTree = "<group>"; };
		04F216E92A67E13100DB9DBD /* LoginVC.swift */ = {isa = PBXFileReference; lastKnownFileType = sourcecode.swift; path = LoginVC.swift; sourceTree = "<group>"; };
/* End PBXFileReference section */

/* Begin PBXFrameworksBuildPhase section */
		04F216C92A67DE1700DB9DBD /* Frameworks */ = {
			isa = PBXFrameworksBuildPhase;
			buildActionMask = 2147483647;
			files = (
			);
			runOnlyForDeploymentPostprocessing = 0;
		};
/* End PBXFrameworksBuildPhase section */

/* Begin PBXGroup section */
		04F216C32A67DE1700DB9DBD = {
			isa = PBXGroup;
			children = (
				04F216CE2A67DE1700DB9DBD /* 2Task */,
				04F216CD2A67DE1700DB9DBD /* Products */,
			);
			sourceTree = "<group>";
		};
		04F216CD2A67DE1700DB9DBD /* Products */ = {
			isa = PBXGroup;
			children = (
				04F216CC2A67DE1700DB9DBD /* 2Task.app */,
			);
			name = Products;
			sourceTree = "<group>";
		};
		04F216CE2A67DE1700DB9DBD /* 2Task */ = {
			isa = PBXGroup;
			children = (
				04F216CF2A67DE1700DB9DBD /* AppDelegate.swift */,
				04F216D12A67DE1700DB9DBD /* SceneDelegate.swift */,
				04F216E72A67DF0400DB9DBD /* Model */,
				04F216E42A67DE4000DB9DBD /* Controller */,
				04F216E52A67DE5100DB9DBD /* View */,
				04F216D82A67DE1900DB9DBD /* Assets.xcassets */,
				04F216DD2A67DE1900DB9DBD /* Info.plist */,
			);
			path = 2Task;
			sourceTree = "<group>";
		};
		04F216E42A67DE4000DB9DBD /* Controller */ = {
			isa = PBXGroup;
			children = (
				04F216D32A67DE1700DB9DBD /* ViewController.swift */,
				04F216E92A67E13100DB9DBD /* LoginVC.swift */,
			);
			path = Controller;
			sourceTree = "<group>";
		};
		04F216E52A67DE5100DB9DBD /* View */ = {
			isa = PBXGroup;
			children = (
				04F216D52A67DE1700DB9DBD /* Main.storyboard */,
				04F216DA2A67DE1900DB9DBD /* LaunchScreen.storyboard */,
			);
			path = View;
			sourceTree = "<group>";
		};
		04F216E72A67DF0400DB9DBD /* Model */ = {
			isa = PBXGroup;
			children = (
			);
			path = Model;
			sourceTree = "<group>";
		};
/* End PBXGroup section */

/* Begin PBXNativeTarget section */
		04F216CB2A67DE1700DB9DBD /* 2Task */ = {
			isa = PBXNativeTarget;
			buildConfigurationList = 04F216E02A67DE1900DB9DBD /* Build configuration list for PBXNativeTarget "2Task" */;
			buildPhases = (
				04F216C82A67DE1700DB9DBD /* Sources */,
				04F216C92A67DE1700DB9DBD /* Frameworks */,
				04F216CA2A67DE1700DB9DBD /* Resources */,
			);
			buildRules = (
			);
			dependencies = (
			);
			name = 2Task;
			productName = 2Task;
			productReference = 04F216CC2A67DE1700DB9DBD /* 2Task.app */;
			productType = "com.apple.product-type.application";
		};
/* End PBXNativeTarget section */

/* Begin PBXProject section */
		04F216C42A67DE1700DB9DBD /* Project object */ = {
			isa = PBXProject;
			attributes = {
				LastSwiftUpdateCheck = 1240;
				LastUpgradeCheck = 1240;
				TargetAttributes = {
					04F216CB2A67DE1700DB9DBD = {
						CreatedOnToolsVersion = 12.4;
					};
				};
			};
			buildConfigurationList = 04F216C72A67DE1700DB9DBD /* Build configuration list for PBXProject "2Task" */;
			compatibilityVersion = "Xcode 9.3";
			developmentRegion = en;
			hasScannedForEncodings = 0;
			knownRegions = (
				en,
				Base,
			);
			mainGroup = 04F216C32A67DE1700DB9DBD;
			productRefGroup = 04F216CD2A67DE1700DB9DBD /* Products */;
			projectDirPath = "";
			projectRoot = "";
			targets = (
				04F216CB2A67DE1700DB9DBD /* 2Task */,
			);
		};
/* End PBXProject section */

/* Begin PBXResourcesBuildPhase section */
		04F216CA2A67DE1700DB9DBD /* Resources */ = {
			isa = PBXResourcesBuildPhase;
			buildActionMask = 2147483647;
			files = (
				04F216DC2A67DE1900DB9DBD /* LaunchScreen.storyboard in Resources */,
				04F216D92A67DE1900DB9DBD /* Assets.xcassets in Resources */,
				04F216D72A67DE1700DB9DBD /* Main.storyboard in Resources */,
			);
			runOnlyForDeploymentPostprocessing = 0;
		};
/* End PBXResourcesBuildPhase section */

/* Begin PBXSourcesBuildPhase section */
		04F216C82A67DE1700DB9DBD /* Sources */ = {
			isa = PBXSourcesBuildPhase;
			buildActionMask = 2147483647;
			files = (
				04F216D42A67DE1700DB9DBD /* ViewController.swift in Sources */,
				04F216D02A67DE1700DB9DBD /* AppDelegate.swift in Sources */,
				04F216EA2A67E13100DB9DBD /* LoginVC.swift in Sources */,
				04F216D22A67DE1700DB9DBD /* SceneDelegate.swift in Sources */,
			);
			runOnlyForDeploymentPostprocessing = 0;
		};
/* End PBXSourcesBuildPhase section */

/* Begin PBXVariantGroup section */
		04F216D52A67DE1700DB9DBD /* Main.storyboard */ = {
			isa = PBXVariantGroup;
			children = (
				04F216D62A67DE1700DB9DBD /* Base */,
			);
			name = Main.storyboard;
			sourceTree = "<group>";
		};
		04F216DA2A67DE1900DB9DBD /* LaunchScreen.storyboard */ = {
			isa = PBXVariantGroup;
			children = (
				04F216DB2A67DE1900DB9DBD /* Base */,
			);
			name = LaunchScreen.storyboard;
			sourceTree = "<group>";
		};
/* End PBXVariantGroup section */

/* Begin XCBuildConfiguration section */
		04F216DE2A67DE1900DB9DBD /* Debug */ = {
			isa = XCBuildConfiguration;
			buildSettings = {
				ALWAYS_SEARCH_USER_PATHS = NO;
				CLANG_ANALYZER_NONNULL = YES;
				CLANG_ANALYZER_NUMBER_OBJECT_CONVERSION = YES_AGGRESSIVE;
				CLANG_CXX_LANGUAGE_STANDARD = "gnu++14";
				CLANG_CXX_LIBRARY = "libc++";
				CLANG_ENABLE_MODULES = YES;
				CLANG_ENABLE_OBJC_ARC = YES;
				CLANG_ENABLE_OBJC_WEAK = YES;
				CLANG_WARN_BLOCK_CAPTURE_AUTORELEASING = YES;
				CLANG_WARN_BOOL_CONVERSION = YES;
				CLANG_WARN_COMMA = YES;
				CLANG_WARN_CONSTANT_CONVERSION = YES;
				CLANG_WARN_DEPRECATED_OBJC_IMPLEMENTATIONS = YES;
				CLANG_WARN_DIRECT_OBJC_ISA_USAGE = YES_ERROR;
				CLANG_WARN_DOCUMENTATION_COMMENTS = YES;
				CLANG_WARN_EMPTY_BODY = YES;
				CLANG_WARN_ENUM_CONVERSION = YES;
				CLANG_WARN_INFINITE_RECURSION = YES;
				CLANG_WARN_INT_CONVERSION = YES;
				CLANG_WARN_NON_LITERAL_NULL_CONVERSION = YES;
				CLANG_WARN_OBJC_IMPLICIT_RETAIN_SELF = YES;
				CLANG_WARN_OBJC_LITERAL_CONVERSION = YES;
				CLANG_WARN_OBJC_ROOT_CLASS = YES_ERROR;
				CLANG_WARN_QUOTED_INCLUDE_IN_FRAMEWORK_HEADER = YES;
				CLANG_WARN_RANGE_LOOP_ANALYSIS = YES;
				CLANG_WARN_STRICT_PROTOTYPES = YES;
				CLANG_WARN_SUSPICIOUS_MOVE = YES;
				CLANG_WARN_UNGUARDED_AVAILABILITY = YES_AGGRESSIVE;
				CLANG_WARN_UNREACHABLE_CODE = YES;
				CLANG_WARN__DUPLICATE_METHOD_MATCH = YES;
				COPY_PHASE_STRIP = NO;
				DEBUG_INFORMATION_FORMAT = dwarf;
				ENABLE_STRICT_OBJC_MSGSEND = YES;
				ENABLE_TESTABILITY = YES;
				GCC_C_LANGUAGE_STANDARD = gnu11;
				GCC_DYNAMIC_NO_PIC = NO;
				GCC_NO_COMMON_BLOCKS = YES;
				GCC_OPTIMIZATION_LEVEL = 0;
				GCC_PREPROCESSOR_DEFINITIONS = (
					"DEBUG=1",
					"$(inherited)",
				);
				GCC_WARN_64_TO_32_BIT_CONVERSION = YES;
				GCC_WARN_ABOUT_RETURN_TYPE = YES_ERROR;
				GCC_WARN_UNDECLARED_SELECTOR = YES;
				GCC_WARN_UNINITIALIZED_AUTOS = YES_AGGRESSIVE;
				GCC_WARN_UNUSED_FUNCTION = YES;
				GCC_WARN_UNUSED_VARIABLE = YES;
				IPHONEOS_DEPLOYMENT_TARGET = 14.4;
				MTL_ENABLE_DEBUG_INFO = INCLUDE_SOURCE;
				MTL_FAST_MATH = YES;
				ONLY_ACTIVE_ARCH = YES;
				SDKROOT = iphoneos;
				SWIFT_ACTIVE_COMPILATION_CONDITIONS = DEBUG;
				SWIFT_OPTIMIZATION_LEVEL = "-Onone";
			};
			name = Debug;
		};
		04F216DF2A67DE1900DB9DBD /* Release */ = {
			isa = XCBuildConfiguration;
			buildSettings = {
				ALWAYS_SEARCH_USER_PATHS = NO;
				CLANG_ANALYZER_NONNULL = YES;
				CLANG_ANALYZER_NUMBER_OBJECT_CONVERSION = YES_AGGRESSIVE;
				CLANG_CXX_LANGUAGE_STANDARD = "gnu++14";
				CLANG_CXX_LIBRARY = "libc++";
				CLANG_ENABLE_MODULES = YES;
				CLANG_ENABLE_OBJC_ARC = YES;
				CLANG_ENABLE_OBJC_WEAK = YES;
				CLANG_WARN_BLOCK_CAPTURE_AUTORELEASING = YES;
				CLANG_WARN_BOOL_CONVERSION = YES;
				CLANG_WARN_COMMA = YES;
				CLANG_WARN_CONSTANT_CONVERSION = YES;
				CLANG_WARN_DEPRECATED_OBJC_IMPLEMENTATIONS = YES;
				CLANG_WARN_DIRECT_OBJC_ISA_USAGE = YES_ERROR;
				CLANG_WARN_DOCUMENTATION_COMMENTS = YES;
				CLANG_WARN_EMPTY_BODY = YES;
				CLANG_WARN_ENUM_CONVERSION = YES;
				CLANG_WARN_INFINITE_RECURSION = YES;
				CLANG_WARN_INT_CONVERSION = YES;
				CLANG_WARN_NON_LITERAL_NULL_CONVERSION = YES;
				CLANG_WARN_OBJC_IMPLICIT_RETAIN_SELF = YES;
				CLANG_WARN_OBJC_LITERAL_CONVERSION = YES;
				CLANG_WARN_OBJC_ROOT_CLASS = YES_ERROR;
				CLANG_WARN_QUOTED_INCLUDE_IN_FRAMEWORK_HEADER = YES;
				CLANG_WARN_RANGE_LOOP_ANALYSIS = YES;
				CLANG_WARN_STRICT_PROTOTYPES = YES;
				CLANG_WARN_SUSPICIOUS_MOVE = YES;
				CLANG_WARN_UNGUARDED_AVAILABILITY = YES_AGGRESSIVE;
				CLANG_WARN_UNREACHABLE_CODE = YES;
				CLANG_WARN__DUPLICATE_METHOD_MATCH = YES;
				COPY_PHASE_STRIP = NO;
				DEBUG_INFORMATION_FORMAT = "dwarf-with-dsym";
				ENABLE_NS_ASSERTIONS = NO;
				ENABLE_STRICT_OBJC_MSGSEND = YES;
				GCC_C_LANGUAGE_STANDARD = gnu11;
				GCC_NO_COMMON_BLOCKS = YES;
				GCC_WARN_64_TO_32_BIT_CONVERSION = YES;
				GCC_WARN_ABOUT_RETURN_TYPE = YES_ERROR;
				GCC_WARN_UNDECLARED_SELECTOR = YES;
				GCC_WARN_UNINITIALIZED_AUTOS = YES_AGGRESSIVE;
				GCC_WARN_UNUSED_FUNCTION = YES;
				GCC_WARN_UNUSED_VARIABLE = YES;
				IPHONEOS_DEPLOYMENT_TARGET = 14.4;
				MTL_ENABLE_DEBUG_INFO = NO;
				MTL_FAST_MATH = YES;
				SDKROOT = iphoneos;
				SWIFT_COMPILATION_MODE = wholemodule;
				SWIFT_OPTIMIZATION_LEVEL = "-O";
				VALIDATE_PRODUCT = YES;
			};
			name = Release;
		};
		04F216E12A67DE1900DB9DBD /* Debug */ = {
			isa = XCBuildConfiguration;
			buildSettings = {
				ASSETCATALOG_COMPILER_APPICON_NAME = AppIcon;
				ASSETCATALOG_COMPILER_GLOBAL_ACCENT_COLOR_NAME = AccentColor;
				CODE_SIGN_STYLE = Automatic;
				INFOPLIST_FILE = 2Task/Info.plist;
				LD_RUNPATH_SEARCH_PATHS = (
					"$(inherited)",
					"@executable_path/Frameworks",
				);
				PRODUCT_BUNDLE_IDENTIFIER = "Rutvij.-Task";
				PRODUCT_NAME = "$(TARGET_NAME)";
				SWIFT_VERSION = 5.0;
				TARGETED_DEVICE_FAMILY = "1,2";
			};
			name = Debug;
		};
		04F216E22A67DE1900DB9DBD /* Release */ = {
			isa = XCBuildConfiguration;
			buildSettings = {
				ASSETCATALOG_COMPILER_APPICON_NAME = AppIcon;
				ASSETCATALOG_COMPILER_GLOBAL_ACCENT_COLOR_NAME = AccentColor;
				CODE_SIGN_STYLE = Automatic;
				INFOPLIST_FILE = 2Task/Info.plist;
				LD_RUNPATH_SEARCH_PATHS = (
					"$(inherited)",
					"@executable_path/Frameworks",
				);
				PRODUCT_BUNDLE_IDENTIFIER = "Rutvij.-Task";
				PRODUCT_NAME = "$(TARGET_NAME)";
				SWIFT_VERSION = 5.0;
				TARGETED_DEVICE_FAMILY = "1,2";
			};
			name = Release;
		};
/* End XCBuildConfiguration section */

/* Begin XCConfigurationList section */
		04F216C72A67DE1700DB9DBD /* Build configuration list for PBXProject "2Task" */ = {
			isa = XCConfigurationList;
			buildConfigurations = (
				04F216DE2A67DE1900DB9DBD /* Debug */,
				04F216DF2A67DE1900DB9DBD /* Release */,
			);
			defaultConfigurationIsVisible = 0;
			defaultConfigurationName = Release;
		};
		04F216E02A67DE1900DB9DBD /* Build configuration list for PBXNativeTarget "2Task" */ = {
			isa = XCConfigurationList;
			buildConfigurations = (
				04F216E12A67DE1900DB9DBD /* Debug */,
				04F216E22A67DE1900DB9DBD /* Release */,
			);
			defaultConfigurationIsVisible = 0;
			defaultConfigurationName = Release;
		};
/* End XCConfigurationList section */
	};
	rootObject = 04F216C42A67DE1700DB9DBD /* Project object */;
}
